// !$*UTF8*$!
{
	archiveVersion = 1;
	classes = {
	};
	objectVersion = 50;
	objects = {

/* Begin PBXBuildFile section */
		208D4F9E2731902800EF271E /* AppDelegate.swift in Sources */ = {isa = PBXBuildFile; fileRef = 208D4F9D2731902800EF271E /* AppDelegate.swift */; };
		208D4FA02731902800EF271E /* SceneDelegate.swift in Sources */ = {isa = PBXBuildFile; fileRef = 208D4F9F2731902800EF271E /* SceneDelegate.swift */; };
		208D4FA22731902800EF271E /* LoginViewController.swift in Sources */ = {isa = PBXBuildFile; fileRef = 208D4FA12731902800EF271E /* LoginViewController.swift */; };
		208D4FA52731902800EF271E /* Main.storyboard in Resources */ = {isa = PBXBuildFile; fileRef = 208D4FA32731902800EF271E /* Main.storyboard */; };
		208D4FA72731902C00EF271E /* Assets.xcassets in Resources */ = {isa = PBXBuildFile; fileRef = 208D4FA62731902C00EF271E /* Assets.xcassets */; };
		208D4FAA2731902C00EF271E /* LaunchScreen.storyboard in Resources */ = {isa = PBXBuildFile; fileRef = 208D4FA82731902C00EF271E /* LaunchScreen.storyboard */; };
		208D4FB227319D5400EF271E /* CatalogViewController.swift in Sources */ = {isa = PBXBuildFile; fileRef = 208D4FB127319D5400EF271E /* CatalogViewController.swift */; };
		208D4FB42731AA3000EF271E /* PizzaSelectedViewController.swift in Sources */ = {isa = PBXBuildFile; fileRef = 208D4FB32731AA3000EF271E /* PizzaSelectedViewController.swift */; };
		208D4FB62732C39A00EF271E /* BbqPageViewController.swift in Sources */ = {isa = PBXBuildFile; fileRef = 208D4FB52732C39A00EF271E /* BbqPageViewController.swift */; };
		208D4FB82732CB3500EF271E /* PeperoniPageViewController.swift in Sources */ = {isa = PBXBuildFile; fileRef = 208D4FB72732CB3500EF271E /* PeperoniPageViewController.swift */; };
		208D4FBA2732CD4000EF271E /* PayViewController.swift in Sources */ = {isa = PBXBuildFile; fileRef = 208D4FB92732CD4000EF271E /* PayViewController.swift */; };
/* End PBXBuildFile section */

/* Begin PBXFileReference section */
		208D4F9A2731902800EF271E /* pizzeriaApplication.app */ = {isa = PBXFileReference; explicitFileType = wrapper.application; includeInIndex = 0; path = pizzeriaApplication.app; sourceTree = BUILT_PRODUCTS_DIR; };
		208D4F9D2731902800EF271E /* AppDelegate.swift */ = {isa = PBXFileReference; lastKnownFileType = sourcecode.swift; path = AppDelegate.swift; sourceTree = "<group>"; };
		208D4F9F2731902800EF271E /* SceneDelegate.swift */ = {isa = PBXFileReference; lastKnownFileType = sourcecode.swift; path = SceneDelegate.swift; sourceTree = "<group>"; };
		208D4FA12731902800EF271E /* LoginViewController.swift */ = {isa = PBXFileReference; lastKnownFileType = sourcecode.swift; path = LoginViewController.swift; sourceTree = "<group>"; };
		208D4FA42731902800EF271E /* Base */ = {isa = PBXFileReference; lastKnownFileType = file.storyboard; name = Base; path = Base.lproj/Main.storyboard; sourceTree = "<group>"; };
		208D4FA62731902C00EF271E /* Assets.xcassets */ = {isa = PBXFileReference; lastKnownFileType = folder.assetcatalog; path = Assets.xcassets; sourceTree = "<group>"; };
		208D4FA92731902C00EF271E /* Base */ = {isa = PBXFileReference; lastKnownFileType = file.storyboard; name = Base; path = Base.lproj/LaunchScreen.storyboard; sourceTree = "<group>"; };
		208D4FAB2731902C00EF271E /* Info.plist */ = {isa = PBXFileReference; lastKnownFileType = text.plist.xml; path = Info.plist; sourceTree = "<group>"; };
		208D4FB127319D5400EF271E /* CatalogViewController.swift */ = {isa = PBXFileReference; lastKnownFileType = sourcecode.swift; path = CatalogViewController.swift; sourceTree = "<group>"; };
		208D4FB32731AA3000EF271E /* PizzaSelectedViewController.swift */ = {isa = PBXFileReference; lastKnownFileType = sourcecode.swift; path = PizzaSelectedViewController.swift; sourceTree = "<group>"; };
		208D4FB52732C39A00EF271E /* BbqPageViewController.swift */ = {isa = PBXFileReference; lastKnownFileType = sourcecode.swift; path = BbqPageViewController.swift; sourceTree = "<group>"; };
		208D4FB72732CB3500EF271E /* PeperoniPageViewController.swift */ = {isa = PBXFileReference; lastKnownFileType = sourcecode.swift; path = PeperoniPageViewController.swift; sourceTree = "<group>"; };
		208D4FB92732CD4000EF271E /* PayViewController.swift */ = {isa = PBXFileReference; lastKnownFileType = sourcecode.swift; path = PayViewController.swift; sourceTree = "<group>"; };
/* End PBXFileReference section */

/* Begin PBXFrameworksBuildPhase section */
		208D4F972731902800EF271E /* Frameworks */ = {
			isa = PBXFrameworksBuildPhase;
			buildActionMask = 2147483647;
			files = (
			);
			runOnlyForDeploymentPostprocessing = 0;
		};
/* End PBXFrameworksBuildPhase section */

/* Begin PBXGroup section */
		208D4F912731902800EF271E = {
			isa = PBXGroup;
			children = (
				208D4F9C2731902800EF271E /* pizzeriaApplication */,
				208D4F9B2731902800EF271E /* Products */,
			);
			sourceTree = "<group>";
		};
		208D4F9B2731902800EF271E /* Products */ = {
			isa = PBXGroup;
			children = (
				208D4F9A2731902800EF271E /* pizzeriaApplication.app */,
			);
			name = Products;
			sourceTree = "<group>";
		};
		208D4F9C2731902800EF271E /* pizzeriaApplication */ = {
			isa = PBXGroup;
			children = (
				208D4F9D2731902800EF271E /* AppDelegate.swift */,
				208D4F9F2731902800EF271E /* SceneDelegate.swift */,
				208D4FA12731902800EF271E /* LoginViewController.swift */,
				208D4FB127319D5400EF271E /* CatalogViewController.swift */,
				208D4FB32731AA3000EF271E /* PizzaSelectedViewController.swift */,
				208D4FB72732CB3500EF271E /* PeperoniPageViewController.swift */,
				208D4FB52732C39A00EF271E /* BbqPageViewController.swift */,
				208D4FB92732CD4000EF271E /* PayViewController.swift */,
				208D4FA32731902800EF271E /* Main.storyboard */,
				208D4FA62731902C00EF271E /* Assets.xcassets */,
				208D4FA82731902C00EF271E /* LaunchScreen.storyboard */,
				208D4FAB2731902C00EF271E /* Info.plist */,
			);
			path = pizzeriaApplication;
			sourceTree = "<group>";
		};
/* End PBXGroup section */

/* Begin PBXNativeTarget section */
		208D4F992731902800EF271E /* pizzeriaApplication */ = {
			isa = PBXNativeTarget;
			buildConfigurationList = 208D4FAE2731902C00EF271E /* Build configuration list for PBXNativeTarget "pizzeriaApplication" */;
			buildPhases = (
				208D4F962731902800EF271E /* Sources */,
				208D4F972731902800EF271E /* Frameworks */,
				208D4F982731902800EF271E /* Resources */,
			);
			buildRules = (
			);
			dependencies = (
			);
			name = pizzeriaApplication;
			productName = pizzeriaApplication;
			productReference = 208D4F9A2731902800EF271E /* pizzeriaApplication.app */;
			productType = "com.apple.product-type.application";
		};
/* End PBXNativeTarget section */

/* Begin PBXProject section */
		208D4F922731902800EF271E /* Project object */ = {
			isa = PBXProject;
			attributes = {
				LastSwiftUpdateCheck = 1250;
				LastUpgradeCheck = 1250;
				TargetAttributes = {
					208D4F992731902800EF271E = {
						CreatedOnToolsVersion = 12.5.1;
					};
				};
			};
			buildConfigurationList = 208D4F952731902800EF271E /* Build configuration list for PBXProject "pizzeriaApplication" */;
			compatibilityVersion = "Xcode 9.3";
			developmentRegion = en;
			hasScannedForEncodings = 0;
			knownRegions = (
				en,
				Base,
			);
			mainGroup = 208D4F912731902800EF271E;
			productRefGroup = 208D4F9B2731902800EF271E /* Products */;
			projectDirPath = "";
			projectRoot = "";
			targets = (
				208D4F992731902800EF271E /* pizzeriaApplication */,
			);
		};
/* End PBXProject section */

/* Begin PBXResourcesBuildPhase section */
		208D4F982731902800EF271E /* Resources */ = {
			isa = PBXResourcesBuildPhase;
			buildActionMask = 2147483647;
			files = (
				208D4FAA2731902C00EF271E /* LaunchScreen.storyboard in Resources */,
				208D4FA72731902C00EF271E /* Assets.xcassets in Resources */,
				208D4FA52731902800EF271E /* Main.storyboard in Resources */,
			);
			runOnlyForDeploymentPostprocessing = 0;
		};
/* End PBXResourcesBuildPhase section */

/* Begin PBXSourcesBuildPhase section */
		208D4F962731902800EF271E /* Sources */ = {
			isa = PBXSourcesBuildPhase;
			buildActionMask = 2147483647;
			files = (
				208D4FB227319D5400EF271E /* CatalogViewController.swift in Sources */,
				208D4FB62732C39A00EF271E /* BbqPageViewController.swift in Sources */,
				208D4FA22731902800EF271E /* LoginViewController.swift in Sources */,
				208D4FBA2732CD4000EF271E /* PayViewController.swift in Sources */,
				208D4F9E2731902800EF271E /* AppDelegate.swift in Sources */,
				208D4FB82732CB3500EF271E /* PeperoniPageViewController.swift in Sources */,
				208D4FA02731902800EF271E /* SceneDelegate.swift in Sources */,
				208D4FB42731AA3000EF271E /* PizzaSelectedViewController.swift in Sources */,
			);
			runOnlyForDeploymentPostprocessing = 0;
		};
/* End PBXSourcesBuildPhase section */

/* Begin PBXVariantGroup section */
		208D4FA32731902800EF271E /* Main.storyboard */ = {
			isa = PBXVariantGroup;
			children = (
				208D4FA42731902800EF271E /* Base */,
			);
			name = Main.storyboard;
			sourceTree = "<group>";
		};
		208D4FA82731902C00EF271E /* LaunchScreen.storyboard */ = {
			isa = PBXVariantGroup;
			children = (
				208D4FA92731902C00EF271E /* Base */,
			);
			name = LaunchScreen.storyboard;
			sourceTree = "<group>";
		};
/* End PBXVariantGroup section */

/* Begin XCBuildConfiguration section */
		208D4FAC2731902C00EF271E /* Debug */ = {
			isa = XCBuildConfiguration;
			buildSettings = {
				ALWAYS_SEARCH_USER_PATHS = NO;
				CLANG_ANALYZER_NONNULL = YES;
				CLANG_ANALYZER_NUMBER_OBJECT_CONVERSION = YES_AGGRESSIVE;
				CLANG_CXX_LANGUAGE_STANDARD = "gnu++14";
				CLANG_CXX_LIBRARY = "libc++";
				CLANG_ENABLE_MODULES = YES;
				CLANG_ENABLE_OBJC_ARC = YES;
				CLANG_ENABLE_OBJC_WEAK = YES;
				CLANG_WARN_BLOCK_CAPTURE_AUTORELEASING = YES;
				CLANG_WARN_BOOL_CONVERSION = YES;
				CLANG_WARN_COMMA = YES;
				CLANG_WARN_CONSTANT_CONVERSION = YES;
				CLANG_WARN_DEPRECATED_OBJC_IMPLEMENTATIONS = YES;
				CLANG_WARN_DIRECT_OBJC_ISA_USAGE = YES_ERROR;
				CLANG_WARN_DOCUMENTATION_COMMENTS = YES;
				CLANG_WARN_EMPTY_BODY = YES;
				CLANG_WARN_ENUM_CONVERSION = YES;
				CLANG_WARN_INFINITE_RECURSION = YES;
				CLANG_WARN_INT_CONVERSION = YES;
				CLANG_WARN_NON_LITERAL_NULL_CONVERSION = YES;
				CLANG_WARN_OBJC_IMPLICIT_RETAIN_SELF = YES;
				CLANG_WARN_OBJC_LITERAL_CONVERSION = YES;
				CLANG_WARN_OBJC_ROOT_CLASS = YES_ERROR;
				CLANG_WARN_QUOTED_INCLUDE_IN_FRAMEWORK_HEADER = YES;
				CLANG_WARN_RANGE_LOOP_ANALYSIS = YES;
				CLANG_WARN_STRICT_PROTOTYPES = YES;
				CLANG_WARN_SUSPICIOUS_MOVE = YES;
				CLANG_WARN_UNGUARDED_AVAILABILITY = YES_AGGRESSIVE;
				CLANG_WARN_UNREACHABLE_CODE = YES;
				CLANG_WARN__DUPLICATE_METHOD_MATCH = YES;
				COPY_PHASE_STRIP = NO;
				DEBUG_INFORMATION_FORMAT = dwarf;
				ENABLE_STRICT_OBJC_MSGSEND = YES;
				ENABLE_TESTABILITY = YES;
				GCC_C_LANGUAGE_STANDARD = gnu11;
				GCC_DYNAMIC_NO_PIC = NO;
				GCC_NO_COMMON_BLOCKS = YES;
				GCC_OPTIMIZATION_LEVEL = 0;
				GCC_PREPROCESSOR_DEFINITIONS = (
					"DEBUG=1",
					"$(inherited)",
				);
				GCC_WARN_64_TO_32_BIT_CONVERSION = YES;
				GCC_WARN_ABOUT_RETURN_TYPE = YES_ERROR;
				GCC_WARN_UNDECLARED_SELECTOR = YES;
				GCC_WARN_UNINITIALIZED_AUTOS = YES_AGGRESSIVE;
				GCC_WARN_UNUSED_FUNCTION = YES;
				GCC_WARN_UNUSED_VARIABLE = YES;
				IPHONEOS_DEPLOYMENT_TARGET = 14.5;
				MTL_ENABLE_DEBUG_INFO = INCLUDE_SOURCE;
				MTL_FAST_MATH = YES;
				ONLY_ACTIVE_ARCH = YES;
				SDKROOT = iphoneos;
				SWIFT_ACTIVE_COMPILATION_CONDITIONS = DEBUG;
				SWIFT_OPTIMIZATION_LEVEL = "-Onone";
			};
			name = Debug;
		};
		208D4FAD2731902C00EF271E /* Release */ = {
			isa = XCBuildConfiguration;
			buildSettings = {
				ALWAYS_SEARCH_USER_PATHS = NO;
				CLANG_ANALYZER_NONNULL = YES;
				CLANG_ANALYZER_NUMBER_OBJECT_CONVERSION = YES_AGGRESSIVE;
				CLANG_CXX_LANGUAGE_STANDARD = "gnu++14";
				CLANG_CXX_LIBRARY = "libc++";
				CLANG_ENABLE_MODULES = YES;
				CLANG_ENABLE_OBJC_ARC = YES;
				CLANG_ENABLE_OBJC_WEAK = YES;
				CLANG_WARN_BLOCK_CAPTURE_AUTORELEASING = YES;
				CLANG_WARN_BOOL_CONVERSION = YES;
				CLANG_WARN_COMMA = YES;
				CLANG_WARN_CONSTANT_CONVERSION = YES;
				CLANG_WARN_DEPRECATED_OBJC_IMPLEMENTATIONS = YES;
				CLANG_WARN_DIRECT_OBJC_ISA_USAGE = YES_ERROR;
				CLANG_WARN_DOCUMENTATION_COMMENTS = YES;
				CLANG_WARN_EMPTY_BODY = YES;
				CLANG_WARN_ENUM_CONVERSION = YES;
				CLANG_WARN_INFINITE_RECURSION = YES;
				CLANG_WARN_INT_CONVERSION = YES;
				CLANG_WARN_NON_LITERAL_NULL_CONVERSION = YES;
				CLANG_WARN_OBJC_IMPLICIT_RETAIN_SELF = YES;
				CLANG_WARN_OBJC_LITERAL_CONVERSION = YES;
				CLANG_WARN_OBJC_ROOT_CLASS = YES_ERROR;
				CLANG_WARN_QUOTED_INCLUDE_IN_FRAMEWORK_HEADER = YES;
				CLANG_WARN_RANGE_LOOP_ANALYSIS = YES;
				CLANG_WARN_STRICT_PROTOTYPES = YES;
				CLANG_WARN_SUSPICIOUS_MOVE = YES;
				CLANG_WARN_UNGUARDED_AVAILABILITY = YES_AGGRESSIVE;
				CLANG_WARN_UNREACHABLE_CODE = YES;
				CLANG_WARN__DUPLICATE_METHOD_MATCH = YES;
				COPY_PHASE_STRIP = NO;
				DEBUG_INFORMATION_FORMAT = "dwarf-with-dsym";
				ENABLE_NS_ASSERTIONS = NO;
				ENABLE_STRICT_OBJC_MSGSEND = YES;
				GCC_C_LANGUAGE_STANDARD = gnu11;
				GCC_NO_COMMON_BLOCKS = YES;
				GCC_WARN_64_TO_32_BIT_CONVERSION = YES;
				GCC_WARN_ABOUT_RETURN_TYPE = YES_ERROR;
				GCC_WARN_UNDECLARED_SELECTOR = YES;
				GCC_WARN_UNINITIALIZED_AUTOS = YES_AGGRESSIVE;
				GCC_WARN_UNUSED_FUNCTION = YES;
				GCC_WARN_UNUSED_VARIABLE = YES;
				IPHONEOS_DEPLOYMENT_TARGET = 14.5;
				MTL_ENABLE_DEBUG_INFO = NO;
				MTL_FAST_MATH = YES;
				SDKROOT = iphoneos;
				SWIFT_COMPILATION_MODE = wholemodule;
				SWIFT_OPTIMIZATION_LEVEL = "-O";
				VALIDATE_PRODUCT = YES;
			};
			name = Release;
		};
		208D4FAF2731902C00EF271E /* Debug */ = {
			isa = XCBuildConfiguration;
			buildSettings = {
				ASSETCATALOG_COMPILER_APPICON_NAME = AppIcon;
				ASSETCATALOG_COMPILER_GLOBAL_ACCENT_COLOR_NAME = AccentColor;
				CODE_SIGN_STYLE = Automatic;
				INFOPLIST_FILE = pizzeriaApplication/Info.plist;
				LD_RUNPATH_SEARCH_PATHS = (
					"$(inherited)",
					"@executable_path/Frameworks",
				);
				PRODUCT_BUNDLE_IDENTIFIER = emil.pizzeriaApplication;
				PRODUCT_NAME = "$(TARGET_NAME)";
				SWIFT_VERSION = 5.0;
				TARGETED_DEVICE_FAMILY = "1,2";
			};
			name = Debug;
		};
		208D4FB02731902C00EF271E /* Release */ = {
			isa = XCBuildConfiguration;
			buildSettings = {
				ASSETCATALOG_COMPILER_APPICON_NAME = AppIcon;
				ASSETCATALOG_COMPILER_GLOBAL_ACCENT_COLOR_NAME = AccentColor;
				CODE_SIGN_STYLE = Automatic;
				INFOPLIST_FILE = pizzeriaApplication/Info.plist;
				LD_RUNPATH_SEARCH_PATHS = (
					"$(inherited)",
					"@executable_path/Frameworks",
				);
				PRODUCT_BUNDLE_IDENTIFIER = emil.pizzeriaApplication;
				PRODUCT_NAME = "$(TARGET_NAME)";
				SWIFT_VERSION = 5.0;
				TARGETED_DEVICE_FAMILY = "1,2";
			};
			name = Release;
		};
/* End XCBuildConfiguration section */

/* Begin XCConfigurationList section */
		208D4F952731902800EF271E /* Build configuration list for PBXProject "pizzeriaApplication" */ = {
			isa = XCConfigurationList;
			buildConfigurations = (
				208D4FAC2731902C00EF271E /* Debug */,
				208D4FAD2731902C00EF271E /* Release */,
			);
			defaultConfigurationIsVisible = 0;
			defaultConfigurationName = Release;
		};
		208D4FAE2731902C00EF271E /* Build configuration list for PBXNativeTarget "pizzeriaApplication" */ = {
			isa = XCConfigurationList;
			buildConfigurations = (
				208D4FAF2731902C00EF271E /* Debug */,
				208D4FB02731902C00EF271E /* Release */,
			);
			defaultConfigurationIsVisible = 0;
			defaultConfigurationName = Release;
		};
/* End XCConfigurationList section */
	};
	rootObject = 208D4F922731902800EF271E /* Project object */;
}
