// !$*UTF8*$!
{
	archiveVersion = 1;
	classes = {
	};
	objectVersion = 50;
	objects = {

/* Begin PBXBuildFile section */
		201177E6272DA40400BF890A /* PayViewController.swift in Sources */ = {isa = PBXBuildFile; fileRef = 201177E5272DA40400BF890A /* PayViewController.swift */; };
		207E7CB0272B1E4A008F077D /* AppDelegate.swift in Sources */ = {isa = PBXBuildFile; fileRef = 207E7CAF272B1E4A008F077D /* AppDelegate.swift */; };
		207E7CB2272B1E4A008F077D /* SceneDelegate.swift in Sources */ = {isa = PBXBuildFile; fileRef = 207E7CB1272B1E4A008F077D /* SceneDelegate.swift */; };
		207E7CB4272B1E4A008F077D /* ProductViewController.swift in Sources */ = {isa = PBXBuildFile; fileRef = 207E7CB3272B1E4A008F077D /* ProductViewController.swift */; };
		207E7CB7272B1E4A008F077D /* Main.storyboard in Resources */ = {isa = PBXBuildFile; fileRef = 207E7CB5272B1E4A008F077D /* Main.storyboard */; };
		207E7CB9272B1E4B008F077D /* Assets.xcassets in Resources */ = {isa = PBXBuildFile; fileRef = 207E7CB8272B1E4B008F077D /* Assets.xcassets */; };
		207E7CBC272B1E4B008F077D /* LaunchScreen.storyboard in Resources */ = {isa = PBXBuildFile; fileRef = 207E7CBA272B1E4B008F077D /* LaunchScreen.storyboard */; };
		208D4F902731471E00EF271E /* LastViewController.swift in Sources */ = {isa = PBXBuildFile; fileRef = 208D4F8F2731471E00EF271E /* LastViewController.swift */; };
/* End PBXBuildFile section */

/* Begin PBXFileReference section */
		201177E5272DA40400BF890A /* PayViewController.swift */ = {isa = PBXFileReference; lastKnownFileType = sourcecode.swift; path = PayViewController.swift; sourceTree = "<group>"; };
		207E7CAC272B1E4A008F077D /* activityApplication.app */ = {isa = PBXFileReference; explicitFileType = wrapper.application; includeInIndex = 0; path = activityApplication.app; sourceTree = BUILT_PRODUCTS_DIR; };
		207E7CAF272B1E4A008F077D /* AppDelegate.swift */ = {isa = PBXFileReference; lastKnownFileType = sourcecode.swift; path = AppDelegate.swift; sourceTree = "<group>"; };
		207E7CB1272B1E4A008F077D /* SceneDelegate.swift */ = {isa = PBXFileReference; lastKnownFileType = sourcecode.swift; path = SceneDelegate.swift; sourceTree = "<group>"; };
		207E7CB3272B1E4A008F077D /* ProductViewController.swift */ = {isa = PBXFileReference; lastKnownFileType = sourcecode.swift; path = ProductViewController.swift; sourceTree = "<group>"; };
		207E7CB6272B1E4A008F077D /* Base */ = {isa = PBXFileReference; lastKnownFileType = file.storyboard; name = Base; path = Base.lproj/Main.storyboard; sourceTree = "<group>"; };
		207E7CB8272B1E4B008F077D /* Assets.xcassets */ = {isa = PBXFileReference; lastKnownFileType = folder.assetcatalog; path = Assets.xcassets; sourceTree = "<group>"; };
		207E7CBB272B1E4B008F077D /* Base */ = {isa = PBXFileReference; lastKnownFileType = file.storyboard; name = Base; path = Base.lproj/LaunchScreen.storyboard; sourceTree = "<group>"; };
		207E7CBD272B1E4B008F077D /* Info.plist */ = {isa = PBXFileReference; lastKnownFileType = text.plist.xml; path = Info.plist; sourceTree = "<group>"; };
		208D4F8F2731471E00EF271E /* LastViewController.swift */ = {isa = PBXFileReference; lastKnownFileType = sourcecode.swift; path = LastViewController.swift; sourceTree = "<group>"; };
/* End PBXFileReference section */

/* Begin PBXFrameworksBuildPhase section */
		207E7CA9272B1E4A008F077D /* Frameworks */ = {
			isa = PBXFrameworksBuildPhase;
			buildActionMask = 2147483647;
			files = (
			);
			runOnlyForDeploymentPostprocessing = 0;
		};
/* End PBXFrameworksBuildPhase section */

/* Begin PBXGroup section */
		207E7CA3272B1E4A008F077D = {
			isa = PBXGroup;
			children = (
				207E7CAE272B1E4A008F077D /* activityApplication */,
				207E7CAD272B1E4A008F077D /* Products */,
			);
			sourceTree = "<group>";
		};
		207E7CAD272B1E4A008F077D /* Products */ = {
			isa = PBXGroup;
			children = (
				207E7CAC272B1E4A008F077D /* activityApplication.app */,
			);
			name = Products;
			sourceTree = "<group>";
		};
		207E7CAE272B1E4A008F077D /* activityApplication */ = {
			isa = PBXGroup;
			children = (
				207E7CAF272B1E4A008F077D /* AppDelegate.swift */,
				207E7CB1272B1E4A008F077D /* SceneDelegate.swift */,
				207E7CB3272B1E4A008F077D /* ProductViewController.swift */,
				208D4F8F2731471E00EF271E /* LastViewController.swift */,
				201177E5272DA40400BF890A /* PayViewController.swift */,
				207E7CB5272B1E4A008F077D /* Main.storyboard */,
				207E7CB8272B1E4B008F077D /* Assets.xcassets */,
				207E7CBA272B1E4B008F077D /* LaunchScreen.storyboard */,
				207E7CBD272B1E4B008F077D /* Info.plist */,
			);
			path = activityApplication;
			sourceTree = "<group>";
		};
/* End PBXGroup section */

/* Begin PBXNativeTarget section */
		207E7CAB272B1E4A008F077D /* activityApplication */ = {
			isa = PBXNativeTarget;
			buildConfigurationList = 207E7CC0272B1E4B008F077D /* Build configuration list for PBXNativeTarget "activityApplication" */;
			buildPhases = (
				207E7CA8272B1E4A008F077D /* Sources */,
				207E7CA9272B1E4A008F077D /* Frameworks */,
				207E7CAA272B1E4A008F077D /* Resources */,
			);
			buildRules = (
			);
			dependencies = (
			);
			name = activityApplication;
			productName = activityApplication;
			productReference = 207E7CAC272B1E4A008F077D /* activityApplication.app */;
			productType = "com.apple.product-type.application";
		};
/* End PBXNativeTarget section */

/* Begin PBXProject section */
		207E7CA4272B1E4A008F077D /* Project object */ = {
			isa = PBXProject;
			attributes = {
				LastSwiftUpdateCheck = 1250;
				LastUpgradeCheck = 1250;
				TargetAttributes = {
					207E7CAB272B1E4A008F077D = {
						CreatedOnToolsVersion = 12.5.1;
					};
				};
			};
			buildConfigurationList = 207E7CA7272B1E4A008F077D /* Build configuration list for PBXProject "activityApplication" */;
			compatibilityVersion = "Xcode 9.3";
			developmentRegion = en;
			hasScannedForEncodings = 0;
			knownRegions = (
				en,
				Base,
			);
			mainGroup = 207E7CA3272B1E4A008F077D;
			productRefGroup = 207E7CAD272B1E4A008F077D /* Products */;
			projectDirPath = "";
			projectRoot = "";
			targets = (
				207E7CAB272B1E4A008F077D /* activityApplication */,
			);
		};
/* End PBXProject section */

/* Begin PBXResourcesBuildPhase section */
		207E7CAA272B1E4A008F077D /* Resources */ = {
			isa = PBXResourcesBuildPhase;
			buildActionMask = 2147483647;
			files = (
				207E7CBC272B1E4B008F077D /* LaunchScreen.storyboard in Resources */,
				207E7CB9272B1E4B008F077D /* Assets.xcassets in Resources */,
				207E7CB7272B1E4A008F077D /* Main.storyboard in Resources */,
			);
			runOnlyForDeploymentPostprocessing = 0;
		};
/* End PBXResourcesBuildPhase section */

/* Begin PBXSourcesBuildPhase section */
		207E7CA8272B1E4A008F077D /* Sources */ = {
			isa = PBXSourcesBuildPhase;
			buildActionMask = 2147483647;
			files = (
				207E7CB4272B1E4A008F077D /* ProductViewController.swift in Sources */,
				208D4F902731471E00EF271E /* LastViewController.swift in Sources */,
				201177E6272DA40400BF890A /* PayViewController.swift in Sources */,
				207E7CB0272B1E4A008F077D /* AppDelegate.swift in Sources */,
				207E7CB2272B1E4A008F077D /* SceneDelegate.swift in Sources */,
			);
			runOnlyForDeploymentPostprocessing = 0;
		};
/* End PBXSourcesBuildPhase section */

/* Begin PBXVariantGroup section */
		207E7CB5272B1E4A008F077D /* Main.storyboard */ = {
			isa = PBXVariantGroup;
			children = (
				207E7CB6272B1E4A008F077D /* Base */,
			);
			name = Main.storyboard;
			sourceTree = "<group>";
		};
		207E7CBA272B1E4B008F077D /* LaunchScreen.storyboard */ = {
			isa = PBXVariantGroup;
			children = (
				207E7CBB272B1E4B008F077D /* Base */,
			);
			name = LaunchScreen.storyboard;
			sourceTree = "<group>";
		};
/* End PBXVariantGroup section */

/* Begin XCBuildConfiguration section */
		207E7CBE272B1E4B008F077D /* Debug */ = {
			isa = XCBuildConfiguration;
			buildSettings = {
				ALWAYS_SEARCH_USER_PATHS = NO;
				CLANG_ANALYZER_NONNULL = YES;
				CLANG_ANALYZER_NUMBER_OBJECT_CONVERSION = YES_AGGRESSIVE;
				CLANG_CXX_LANGUAGE_STANDARD = "gnu++14";
				CLANG_CXX_LIBRARY = "libc++";
				CLANG_ENABLE_MODULES = YES;
				CLANG_ENABLE_OBJC_ARC = YES;
				CLANG_ENABLE_OBJC_WEAK = YES;
				CLANG_WARN_BLOCK_CAPTURE_AUTORELEASING = YES;
				CLANG_WARN_BOOL_CONVERSION = YES;
				CLANG_WARN_COMMA = YES;
				CLANG_WARN_CONSTANT_CONVERSION = YES;
				CLANG_WARN_DEPRECATED_OBJC_IMPLEMENTATIONS = YES;
				CLANG_WARN_DIRECT_OBJC_ISA_USAGE = YES_ERROR;
				CLANG_WARN_DOCUMENTATION_COMMENTS = YES;
				CLANG_WARN_EMPTY_BODY = YES;
				CLANG_WARN_ENUM_CONVERSION = YES;
				CLANG_WARN_INFINITE_RECURSION = YES;
				CLANG_WARN_INT_CONVERSION = YES;
				CLANG_WARN_NON_LITERAL_NULL_CONVERSION = YES;
				CLANG_WARN_OBJC_IMPLICIT_RETAIN_SELF = YES;
				CLANG_WARN_OBJC_LITERAL_CONVERSION = YES;
				CLANG_WARN_OBJC_ROOT_CLASS = YES_ERROR;
				CLANG_WARN_QUOTED_INCLUDE_IN_FRAMEWORK_HEADER = YES;
				CLANG_WARN_RANGE_LOOP_ANALYSIS = YES;
				CLANG_WARN_STRICT_PROTOTYPES = YES;
				CLANG_WARN_SUSPICIOUS_MOVE = YES;
				CLANG_WARN_UNGUARDED_AVAILABILITY = YES_AGGRESSIVE;
				CLANG_WARN_UNREACHABLE_CODE = YES;
				CLANG_WARN__DUPLICATE_METHOD_MATCH = YES;
				COPY_PHASE_STRIP = NO;
				DEBUG_INFORMATION_FORMAT = dwarf;
				ENABLE_STRICT_OBJC_MSGSEND = YES;
				ENABLE_TESTABILITY = YES;
				GCC_C_LANGUAGE_STANDARD = gnu11;
				GCC_DYNAMIC_NO_PIC = NO;
				GCC_NO_COMMON_BLOCKS = YES;
				GCC_OPTIMIZATION_LEVEL = 0;
				GCC_PREPROCESSOR_DEFINITIONS = (
					"DEBUG=1",
					"$(inherited)",
				);
				GCC_WARN_64_TO_32_BIT_CONVERSION = YES;
				GCC_WARN_ABOUT_RETURN_TYPE = YES_ERROR;
				GCC_WARN_UNDECLARED_SELECTOR = YES;
				GCC_WARN_UNINITIALIZED_AUTOS = YES_AGGRESSIVE;
				GCC_WARN_UNUSED_FUNCTION = YES;
				GCC_WARN_UNUSED_VARIABLE = YES;
				IPHONEOS_DEPLOYMENT_TARGET = 14.5;
				MTL_ENABLE_DEBUG_INFO = INCLUDE_SOURCE;
				MTL_FAST_MATH = YES;
				ONLY_ACTIVE_ARCH = YES;
				SDKROOT = iphoneos;
				SWIFT_ACTIVE_COMPILATION_CONDITIONS = DEBUG;
				SWIFT_OPTIMIZATION_LEVEL = "-Onone";
			};
			name = Debug;
		};
		207E7CBF272B1E4B008F077D /* Release */ = {
			isa = XCBuildConfiguration;
			buildSettings = {
				ALWAYS_SEARCH_USER_PATHS = NO;
				CLANG_ANALYZER_NONNULL = YES;
				CLANG_ANALYZER_NUMBER_OBJECT_CONVERSION = YES_AGGRESSIVE;
				CLANG_CXX_LANGUAGE_STANDARD = "gnu++14";
				CLANG_CXX_LIBRARY = "libc++";
				CLANG_ENABLE_MODULES = YES;
				CLANG_ENABLE_OBJC_ARC = YES;
				CLANG_ENABLE_OBJC_WEAK = YES;
				CLANG_WARN_BLOCK_CAPTURE_AUTORELEASING = YES;
				CLANG_WARN_BOOL_CONVERSION = YES;
				CLANG_WARN_COMMA = YES;
				CLANG_WARN_CONSTANT_CONVERSION = YES;
				CLANG_WARN_DEPRECATED_OBJC_IMPLEMENTATIONS = YES;
				CLANG_WARN_DIRECT_OBJC_ISA_USAGE = YES_ERROR;
				CLANG_WARN_DOCUMENTATION_COMMENTS = YES;
				CLANG_WARN_EMPTY_BODY = YES;
				CLANG_WARN_ENUM_CONVERSION = YES;
				CLANG_WARN_INFINITE_RECURSION = YES;
				CLANG_WARN_INT_CONVERSION = YES;
				CLANG_WARN_NON_LITERAL_NULL_CONVERSION = YES;
				CLANG_WARN_OBJC_IMPLICIT_RETAIN_SELF = YES;
				CLANG_WARN_OBJC_LITERAL_CONVERSION = YES;
				CLANG_WARN_OBJC_ROOT_CLASS = YES_ERROR;
				CLANG_WARN_QUOTED_INCLUDE_IN_FRAMEWORK_HEADER = YES;
				CLANG_WARN_RANGE_LOOP_ANALYSIS = YES;
				CLANG_WARN_STRICT_PROTOTYPES = YES;
				CLANG_WARN_SUSPICIOUS_MOVE = YES;
				CLANG_WARN_UNGUARDED_AVAILABILITY = YES_AGGRESSIVE;
				CLANG_WARN_UNREACHABLE_CODE = YES;
				CLANG_WARN__DUPLICATE_METHOD_MATCH = YES;
				COPY_PHASE_STRIP = NO;
				DEBUG_INFORMATION_FORMAT = "dwarf-with-dsym";
				ENABLE_NS_ASSERTIONS = NO;
				ENABLE_STRICT_OBJC_MSGSEND = YES;
				GCC_C_LANGUAGE_STANDARD = gnu11;
				GCC_NO_COMMON_BLOCKS = YES;
				GCC_WARN_64_TO_32_BIT_CONVERSION = YES;
				GCC_WARN_ABOUT_RETURN_TYPE = YES_ERROR;
				GCC_WARN_UNDECLARED_SELECTOR = YES;
				GCC_WARN_UNINITIALIZED_AUTOS = YES_AGGRESSIVE;
				GCC_WARN_UNUSED_FUNCTION = YES;
				GCC_WARN_UNUSED_VARIABLE = YES;
				IPHONEOS_DEPLOYMENT_TARGET = 14.5;
				MTL_ENABLE_DEBUG_INFO = NO;
				MTL_FAST_MATH = YES;
				SDKROOT = iphoneos;
				SWIFT_COMPILATION_MODE = wholemodule;
				SWIFT_OPTIMIZATION_LEVEL = "-O";
				VALIDATE_PRODUCT = YES;
			};
			name = Release;
		};
		207E7CC1272B1E4B008F077D /* Debug */ = {
			isa = XCBuildConfiguration;
			buildSettings = {
				ASSETCATALOG_COMPILER_APPICON_NAME = AppIcon;
				ASSETCATALOG_COMPILER_GLOBAL_ACCENT_COLOR_NAME = AccentColor;
				CODE_SIGN_STYLE = Automatic;
				INFOPLIST_FILE = activityApplication/Info.plist;
				LD_RUNPATH_SEARCH_PATHS = (
					"$(inherited)",
					"@executable_path/Frameworks",
				);
				PRODUCT_BUNDLE_IDENTIFIER = emil.activityApplication;
				PRODUCT_NAME = "$(TARGET_NAME)";
				SWIFT_VERSION = 5.0;
				TARGETED_DEVICE_FAMILY = "1,2";
			};
			name = Debug;
		};
		207E7CC2272B1E4B008F077D /* Release */ = {
			isa = XCBuildConfiguration;
			buildSettings = {
				ASSETCATALOG_COMPILER_APPICON_NAME = AppIcon;
				ASSETCATALOG_COMPILER_GLOBAL_ACCENT_COLOR_NAME = AccentColor;
				CODE_SIGN_STYLE = Automatic;
				INFOPLIST_FILE = activityApplication/Info.plist;
				LD_RUNPATH_SEARCH_PATHS = (
					"$(inherited)",
					"@executable_path/Frameworks",
				);
				PRODUCT_BUNDLE_IDENTIFIER = emil.activityApplication;
				PRODUCT_NAME = "$(TARGET_NAME)";
				SWIFT_VERSION = 5.0;
				TARGETED_DEVICE_FAMILY = "1,2";
			};
			name = Release;
		};
/* End XCBuildConfiguration section */

/* Begin XCConfigurationList section */
		207E7CA7272B1E4A008F077D /* Build configuration list for PBXProject "activityApplication" */ = {
			isa = XCConfigurationList;
			buildConfigurations = (
				207E7CBE272B1E4B008F077D /* Debug */,
				207E7CBF272B1E4B008F077D /* Release */,
			);
			defaultConfigurationIsVisible = 0;
			defaultConfigurationName = Release;
		};
		207E7CC0272B1E4B008F077D /* Build configuration list for PBXNativeTarget "activityApplication" */ = {
			isa = XCConfigurationList;
			buildConfigurations = (
				207E7CC1272B1E4B008F077D /* Debug */,
				207E7CC2272B1E4B008F077D /* Release */,
			);
			defaultConfigurationIsVisible = 0;
			defaultConfigurationName = Release;
		};
/* End XCConfigurationList section */
	};
	rootObject = 207E7CA4272B1E4A008F077D /* Project object */;
}
